
Microsoft Visual Studio Solution File, Format Version 12.00
# Visual Studio 2013
VisualStudioVersion = 12.0.31101.0
MinimumVisualStudioVersion = 10.0.40219.1
Project("{2150E333-8FDC-42A3-9474-1A3956D46DE8}") = "BackOffice", "BackOffice", "{7D5103F3-5323-44DA-9335-DD5B48459CE1}"
EndProject
Project("{2150E333-8FDC-42A3-9474-1A3956D46DE8}") = "Common", "Common", "{0F0BD68E-2416-4A7B-B630-56EE4640F6A5}"
EndProject
Project("{FAE04EC0-301F-11D3-BF4B-00C04F79EFBC}") = "Ises.BackOffice.Api", "Ises.BackOffice.Api\Ises.BackOffice.Api.csproj", "{3D9FDCB3-649D-4FC6-B523-14137610F0CC}"
EndProject
Project("{FAE04EC0-301F-11D3-BF4B-00C04F79EFBC}") = "Ises.BackOffice.Host", "Ises.BackOffice.Host\Ises.BackOffice.Host.csproj", "{80FE27E7-8E73-4B42-AC95-F206DD2053BC}"
EndProject
Project("{2150E333-8FDC-42A3-9474-1A3956D46DE8}") = "Components", "Components", "{2145307E-ADB4-4A1E-99F6-C5114D8C8B87}"
EndProject
Project("{FAE04EC0-301F-11D3-BF4B-00C04F79EFBC}") = "Ises.Core.Hosting", "Ises.Core.Hosting\Ises.Core.Hosting.csproj", "{E2977BCF-FF40-4254-B74C-7059F071C657}"
EndProject
Project("{FAE04EC0-301F-11D3-BF4B-00C04F79EFBC}") = "Ises.Core.Common", "Ises.Core.Common\Ises.Core.Common.csproj", "{67202C7E-0993-471A-9912-4E025B3A02EB}"
EndProject
Project("{FAE04EC0-301F-11D3-BF4B-00C04F79EFBC}") = "Ises.Core.Api", "Ises.Core.Api\Ises.Core.Api.csproj", "{3CBEA1EE-9AB3-4709-9F39-97FD263AF7EA}"
EndProject
Project("{FAE04EC0-301F-11D3-BF4B-00C04F79EFBC}") = "Ises.Data", "Ises.Data\Ises.Data.csproj", "{C4C48A0A-2893-4CF0-A15C-6126965D1CB0}"
EndProject
Project("{FAE04EC0-301F-11D3-BF4B-00C04F79EFBC}") = "Ises.Core", "Ises.Core\Ises.Core.csproj", "{132FF0E3-2834-4AC1-9AAC-ED0C812725EA}"
EndProject
Project("{FAE04EC0-301F-11D3-BF4B-00C04F79EFBC}") = "Ises.Domain", "Ises.Domain\Ises.Domain.csproj", "{2AEE5B36-04D8-4AA5-BC2C-345430CDF3EF}"
EndProject
Project("{FAE04EC0-301F-11D3-BF4B-00C04F79EFBC}") = "Ises.Contracts", "Ises.Contracts\Ises.Contracts.csproj", "{65860E7C-8691-41D9-B643-F05FD1D1C7B2}"
EndProject
Project("{FAE04EC0-301F-11D3-BF4B-00C04F79EFBC}") = "Ises.Application", "Ises.Application\Ises.Application.csproj", "{1CCEE285-5191-4A7C-877B-6F6655E381C2}"
EndProject
Project("{FAE04EC0-301F-11D3-BF4B-00C04F79EFBC}") = "GraphDiff", "GraphDiff\GraphDiff.csproj", "{D9725B00-669C-409D-9AB8-C674710C8E5D}"
EndProject
Project("{2150E333-8FDC-42A3-9474-1A3956D46DE8}") = "SolutionItems", "SolutionItems", "{EC79A189-6732-4560-9D56-63F34A05A6D3}"
	ProjectSection(SolutionItems) = preProject
		SqlErrorCodes.json = SqlErrorCodes.json
	EndProjectSection
EndProject
Global
	GlobalSection(SolutionConfigurationPlatforms) = preSolution
		Debug|Any CPU = Debug|Any CPU
		Release|Any CPU = Release|Any CPU
	EndGlobalSection
	GlobalSection(ProjectConfigurationPlatforms) = postSolution
		{3D9FDCB3-649D-4FC6-B523-14137610F0CC}.Debug|Any CPU.ActiveCfg = Debug|Any CPU
		{3D9FDCB3-649D-4FC6-B523-14137610F0CC}.Debug|Any CPU.Build.0 = Debug|Any CPU
		{3D9FDCB3-649D-4FC6-B523-14137610F0CC}.Release|Any CPU.ActiveCfg = Release|Any CPU
		{3D9FDCB3-649D-4FC6-B523-14137610F0CC}.Release|Any CPU.Build.0 = Release|Any CPU
		{80FE27E7-8E73-4B42-AC95-F206DD2053BC}.Debug|Any CPU.ActiveCfg = Debug|Any CPU
		{80FE27E7-8E73-4B42-AC95-F206DD2053BC}.Debug|Any CPU.Build.0 = Debug|Any CPU
		{80FE27E7-8E73-4B42-AC95-F206DD2053BC}.Release|Any CPU.ActiveCfg = Release|Any CPU
		{80FE27E7-8E73-4B42-AC95-F206DD2053BC}.Release|Any CPU.Build.0 = Release|Any CPU
		{E2977BCF-FF40-4254-B74C-7059F071C657}.Debug|Any CPU.ActiveCfg = Debug|Any CPU
		{E2977BCF-FF40-4254-B74C-7059F071C657}.Debug|Any CPU.Build.0 = Debug|Any CPU
		{E2977BCF-FF40-4254-B74C-7059F071C657}.Release|Any CPU.ActiveCfg = Release|Any CPU
		{E2977BCF-FF40-4254-B74C-7059F071C657}.Release|Any CPU.Build.0 = Release|Any CPU
		{67202C7E-0993-471A-9912-4E025B3A02EB}.Debug|Any CPU.ActiveCfg = Debug|Any CPU
		{67202C7E-0993-471A-9912-4E025B3A02EB}.Debug|Any CPU.Build.0 = Debug|Any CPU
		{67202C7E-0993-471A-9912-4E025B3A02EB}.Release|Any CPU.ActiveCfg = Release|Any CPU
		{67202C7E-0993-471A-9912-4E025B3A02EB}.Release|Any CPU.Build.0 = Release|Any CPU
		{3CBEA1EE-9AB3-4709-9F39-97FD263AF7EA}.Debug|Any CPU.ActiveCfg = Debug|Any CPU
		{3CBEA1EE-9AB3-4709-9F39-97FD263AF7EA}.Debug|Any CPU.Build.0 = Debug|Any CPU
		{3CBEA1EE-9AB3-4709-9F39-97FD263AF7EA}.Release|Any CPU.ActiveCfg = Release|Any CPU
		{3CBEA1EE-9AB3-4709-9F39-97FD263AF7EA}.Release|Any CPU.Build.0 = Release|Any CPU
		{C4C48A0A-2893-4CF0-A15C-6126965D1CB0}.Debug|Any CPU.ActiveCfg = Debug|Any CPU
		{C4C48A0A-2893-4CF0-A15C-6126965D1CB0}.Debug|Any CPU.Build.0 = Debug|Any CPU
		{C4C48A0A-2893-4CF0-A15C-6126965D1CB0}.Release|Any CPU.ActiveCfg = Release|Any CPU
		{C4C48A0A-2893-4CF0-A15C-6126965D1CB0}.Release|Any CPU.Build.0 = Release|Any CPU
		{132FF0E3-2834-4AC1-9AAC-ED0C812725EA}.Debug|Any CPU.ActiveCfg = Debug|Any CPU
		{132FF0E3-2834-4AC1-9AAC-ED0C812725EA}.Debug|Any CPU.Build.0 = Debug|Any CPU
		{132FF0E3-2834-4AC1-9AAC-ED0C812725EA}.Release|Any CPU.ActiveCfg = Release|Any CPU
		{132FF0E3-2834-4AC1-9AAC-ED0C812725EA}.Release|Any CPU.Build.0 = Release|Any CPU
		{2AEE5B36-04D8-4AA5-BC2C-345430CDF3EF}.Debug|Any CPU.ActiveCfg = Debug|Any CPU
		{2AEE5B36-04D8-4AA5-BC2C-345430CDF3EF}.Debug|Any CPU.Build.0 = Debug|Any CPU
		{2AEE5B36-04D8-4AA5-BC2C-345430CDF3EF}.Release|Any CPU.ActiveCfg = Release|Any CPU
		{2AEE5B36-04D8-4AA5-BC2C-345430CDF3EF}.Release|Any CPU.Build.0 = Release|Any CPU
		{65860E7C-8691-41D9-B643-F05FD1D1C7B2}.Debug|Any CPU.ActiveCfg = Debug|Any CPU
		{65860E7C-8691-41D9-B643-F05FD1D1C7B2}.Debug|Any CPU.Build.0 = Debug|Any CPU
		{65860E7C-8691-41D9-B643-F05FD1D1C7B2}.Release|Any CPU.ActiveCfg = Release|Any CPU
		{65860E7C-8691-41D9-B643-F05FD1D1C7B2}.Release|Any CPU.Build.0 = Release|Any CPU
		{1CCEE285-5191-4A7C-877B-6F6655E381C2}.Debug|Any CPU.ActiveCfg = Debug|Any CPU
		{1CCEE285-5191-4A7C-877B-6F6655E381C2}.Debug|Any CPU.Build.0 = Debug|Any CPU
		{1CCEE285-5191-4A7C-877B-6F6655E381C2}.Release|Any CPU.ActiveCfg = Release|Any CPU
		{1CCEE285-5191-4A7C-877B-6F6655E381C2}.Release|Any CPU.Build.0 = Release|Any CPU
		{D9725B00-669C-409D-9AB8-C674710C8E5D}.Debug|Any CPU.ActiveCfg = Debug|Any CPU
		{D9725B00-669C-409D-9AB8-C674710C8E5D}.Debug|Any CPU.Build.0 = Debug|Any CPU
		{D9725B00-669C-409D-9AB8-C674710C8E5D}.Release|Any CPU.ActiveCfg = Release|Any CPU
		{D9725B00-669C-409D-9AB8-C674710C8E5D}.Release|Any CPU.Build.0 = Release|Any CPU
	EndGlobalSection
	GlobalSection(SolutionProperties) = preSolution
		HideSolutionNode = FALSE
	EndGlobalSection
	GlobalSection(NestedProjects) = preSolution
		{3D9FDCB3-649D-4FC6-B523-14137610F0CC} = {7D5103F3-5323-44DA-9335-DD5B48459CE1}
		{80FE27E7-8E73-4B42-AC95-F206DD2053BC} = {7D5103F3-5323-44DA-9335-DD5B48459CE1}
		{2145307E-ADB4-4A1E-99F6-C5114D8C8B87} = {0F0BD68E-2416-4A7B-B630-56EE4640F6A5}
		{E2977BCF-FF40-4254-B74C-7059F071C657} = {2145307E-ADB4-4A1E-99F6-C5114D8C8B87}
		{67202C7E-0993-471A-9912-4E025B3A02EB} = {2145307E-ADB4-4A1E-99F6-C5114D8C8B87}
		{3CBEA1EE-9AB3-4709-9F39-97FD263AF7EA} = {2145307E-ADB4-4A1E-99F6-C5114D8C8B87}
		{C4C48A0A-2893-4CF0-A15C-6126965D1CB0} = {0F0BD68E-2416-4A7B-B630-56EE4640F6A5}
		{132FF0E3-2834-4AC1-9AAC-ED0C812725EA} = {0F0BD68E-2416-4A7B-B630-56EE4640F6A5}
		{2AEE5B36-04D8-4AA5-BC2C-345430CDF3EF} = {0F0BD68E-2416-4A7B-B630-56EE4640F6A5}
		{65860E7C-8691-41D9-B643-F05FD1D1C7B2} = {0F0BD68E-2416-4A7B-B630-56EE4640F6A5}
		{1CCEE285-5191-4A7C-877B-6F6655E381C2} = {0F0BD68E-2416-4A7B-B630-56EE4640F6A5}
		{D9725B00-669C-409D-9AB8-C674710C8E5D} = {2145307E-ADB4-4A1E-99F6-C5114D8C8B87}
	EndGlobalSection
EndGlobal
